
Microsoft Visual Studio Solution File, Format Version 12.00
# Visual Studio Version 17
VisualStudioVersion = 17.11.35222.181
MinimumVisualStudioVersion = 10.0.40219.1
Project("{9A19103F-16F7-4668-BE54-9A1E7A4F7556}") = "SistemaFinanceiro", "SistemaFinanceiro\SistemaFinanceiro.csproj", "{D7D219B7-A54C-4A60-BA50-E3E0FA90559D}"
EndProject
Global
	GlobalSection(SolutionConfigurationPlatforms) = preSolution
		Debug|Any CPU = Debug|Any CPU
		Release|Any CPU = Release|Any CPU
	EndGlobalSection
	GlobalSection(ProjectConfigurationPlatforms) = postSolution
		{D7D219B7-A54C-4A60-BA50-E3E0FA90559D}.Debug|Any CPU.ActiveCfg = Debug|Any CPU
		{D7D219B7-A54C-4A60-BA50-E3E0FA90559D}.Debug|Any CPU.Build.0 = Debug|Any CPU
		{D7D219B7-A54C-4A60-BA50-E3E0FA90559D}.Release|Any CPU.ActiveCfg = Release|Any CPU
		{D7D219B7-A54C-4A60-BA50-E3E0FA90559D}.Release|Any CPU.Build.0 = Release|Any CPU
	EndGlobalSection
	GlobalSection(SolutionProperties) = preSolution
		HideSolutionNode = FALSE
	EndGlobalSection
	GlobalSection(ExtensibilityGlobals) = postSolution
		SolutionGuid = {30BC9894-0412-4B4B-85F7-50B9BD7BA52B}
	EndGlobalSection
EndGlobal
